PODS:
  - FSCalendar (2.8.1)
  - Kingfisher (5.14.0):
    - Kingfisher/Core (= 5.14.0)
  - Kingfisher/Core (5.14.0)
  - LBTATools (1.0.12)
  - TinyConstraints (4.0.1)

DEPENDENCIES:
  - FSCalendar
  - Kingfisher (~> 5.0)
  - LBTATools
  - TinyConstraints

SPEC REPOS:
  trunk:
    - FSCalendar
    - Kingfisher
    - LBTATools
    - TinyConstraints

SPEC CHECKSUMS:
  FSCalendar: 5245140456fcbcac5824c203b98bd8068bdfee1a
  Kingfisher: 7b64389a43139c903ec434788344c288217c792d
  LBTATools: 389a901a01b9a56bea5682c40cd6e23530f40015
  TinyConstraints: 8dd91295e56797648c7bc335dd20e1d91ec4c192

PODFILE CHECKSUM: 821a9fa1c7873cdf358fd8bad65866aa680c4b66

COCOAPODS: 1.9.1
